
Microsoft Visual Studio Solution File, Format Version 12.00
# Visual Studio Version 17
VisualStudioVersion = 17.7.34202.233
MinimumVisualStudioVersion = 10.0.40219.1
Project("{8BC9CEB8-8B4A-11D0-8D11-00A0C91BC942}") = "CasioEmuMsvc", "CasioEmuMsvc\CasioEmuMsvc.vcxproj", "{5347D0D2-AB7B-45C8-8588-B0D36EE0ABE3}"
EndProject
Project("{8BC9CEB8-8B4A-11D0-8D11-00A0C91BC942}") = "lua_config_convert", "lua_config_convert\lua_config_convert.vcxproj", "{F2031657-B32A-4691-B8E0-0F0080BD3442}"
EndProject
Project("{2150E333-8FDC-42A3-9474-1A3956D46DE8}") = "解决方案项", "解决方案项", "{8BEEDB92-7AB7-4CD8-AC55-ED1C402A40B8}"
	ProjectSection(SolutionItems) = preProject
		.gitattributes = .gitattributes
		.gitignore = .gitignore
		convert_all_lua_config.ps1 = convert_all_lua_config.ps1
		GB2UTF8.ps1 = GB2UTF8.ps1
		LICENSE = LICENSE
		PRIVACY.md = PRIVACY.md
		README.md = README.md
	EndProjectSection
EndProject
Project("{8BC9CEB8-8B4A-11D0-8D11-00A0C91BC942}") = "RomPacker", "RomPacker\RomPacker.vcxproj", "{2B03E175-657C-4FEF-84DA-34081C9BCCDA}"
EndProject
Project("{8BC9CEB8-8B4A-11D0-8D11-00A0C91BC942}") = "CasioEmuMsvc.Plugin.ExamplePlugin", "ExamplePlugin\ExamplePlugin.vcxproj", "{616FA698-C985-4011-ABDB-31BF673499AD}"
	ProjectSection(ProjectDependencies) = postProject
		{5347D0D2-AB7B-45C8-8588-B0D36EE0ABE3} = {5347D0D2-AB7B-45C8-8588-B0D36EE0ABE3}
	EndProjectSection
EndProject
Project("{8BC9CEB8-8B4A-11D0-8D11-00A0C91BC942}") = "CasioEmuMsvc.Plugin.PythonPlugin", "PythonPlugin\PythonPlugin.vcxproj", "{0AAFB6C0-D204-4298-A762-1088A2BC5F45}"
	ProjectSection(ProjectDependencies) = postProject
		{5347D0D2-AB7B-45C8-8588-B0D36EE0ABE3} = {5347D0D2-AB7B-45C8-8588-B0D36EE0ABE3}
	EndProjectSection
EndProject
Project("{8BC9CEB8-8B4A-11D0-8D11-00A0C91BC942}") = "CasioEmuMsvc.Plugin.Cw2toolsPlugin", "Cw2toolsPlugin\Cw2toolsPlugin.vcxproj", "{616FA698-C985-4011-ABDB-31BF603499AD}"
	ProjectSection(ProjectDependencies) = postProject
		{5347D0D2-AB7B-45C8-8588-B0D36EE0ABE3} = {5347D0D2-AB7B-45C8-8588-B0D36EE0ABE3}
	EndProjectSection
EndProject
Project("{8BC9CEB8-8B4A-11D0-8D11-00A0C91BC942}") = "CasioEmuMsvc.Plugin.McpPlugin", "McpPlugin\McpPlugin.vcxproj", "{11111111-C985-4011-ABDB-31BF673499AD}"
EndProject
Project("{8BC9CEB8-8B4A-11D0-8D11-00A0C91BC942}") = "UnitTest1", "UnitTest1\UnitTest1.vcxproj", "{5768658D-5753-57BE-9F55-89088097DC31}"
EndProject
Global
	GlobalSection(SolutionConfigurationPlatforms) = preSolution
		ASan|Any CPU = ASan|Any CPU
		ASan|x64 = ASan|x64
		ASan|x86 = ASan|x86
		Debug|Any CPU = Debug|Any CPU
		Debug|x64 = Debug|x64
		Debug|x86 = Debug|x86
		PatchableRelease|Any CPU = PatchableRelease|Any CPU
		PatchableRelease|x64 = PatchableRelease|x64
		PatchableRelease|x86 = PatchableRelease|x86
		Release|Any CPU = Release|Any CPU
		Release|x64 = Release|x64
		Release|x86 = Release|x86
	EndGlobalSection
	GlobalSection(ProjectConfigurationPlatforms) = postSolution
		{5347D0D2-AB7B-45C8-8588-B0D36EE0ABE3}.ASan|Any CPU.ActiveCfg = ASan|x64
		{5347D0D2-AB7B-45C8-8588-B0D36EE0ABE3}.ASan|Any CPU.Build.0 = ASan|x64
		{5347D0D2-AB7B-45C8-8588-B0D36EE0ABE3}.ASan|x64.ActiveCfg = ASan|x64
		{5347D0D2-AB7B-45C8-8588-B0D36EE0ABE3}.ASan|x64.Build.0 = ASan|x64
		{5347D0D2-AB7B-45C8-8588-B0D36EE0ABE3}.ASan|x86.ActiveCfg = ASan|Win32
		{5347D0D2-AB7B-45C8-8588-B0D36EE0ABE3}.ASan|x86.Build.0 = ASan|Win32
		{5347D0D2-AB7B-45C8-8588-B0D36EE0ABE3}.Debug|Any CPU.ActiveCfg = Debug|x64
		{5347D0D2-AB7B-45C8-8588-B0D36EE0ABE3}.Debug|Any CPU.Build.0 = Debug|x64
		{5347D0D2-AB7B-45C8-8588-B0D36EE0ABE3}.Debug|x64.ActiveCfg = Debug|x64
		{5347D0D2-AB7B-45C8-8588-B0D36EE0ABE3}.Debug|x64.Build.0 = Debug|x64
		{5347D0D2-AB7B-45C8-8588-B0D36EE0ABE3}.Debug|x86.ActiveCfg = Debug|Win32
		{5347D0D2-AB7B-45C8-8588-B0D36EE0ABE3}.Debug|x86.Build.0 = Debug|Win32
		{5347D0D2-AB7B-45C8-8588-B0D36EE0ABE3}.PatchableRelease|Any CPU.ActiveCfg = PatchableRelease|x64
		{5347D0D2-AB7B-45C8-8588-B0D36EE0ABE3}.PatchableRelease|Any CPU.Build.0 = PatchableRelease|x64
		{5347D0D2-AB7B-45C8-8588-B0D36EE0ABE3}.PatchableRelease|x64.ActiveCfg = PatchableRelease|x64
		{5347D0D2-AB7B-45C8-8588-B0D36EE0ABE3}.PatchableRelease|x64.Build.0 = PatchableRelease|x64
		{5347D0D2-AB7B-45C8-8588-B0D36EE0ABE3}.PatchableRelease|x86.ActiveCfg = PatchableRelease|Win32
		{5347D0D2-AB7B-45C8-8588-B0D36EE0ABE3}.PatchableRelease|x86.Build.0 = PatchableRelease|Win32
		{5347D0D2-AB7B-45C8-8588-B0D36EE0ABE3}.Release|Any CPU.ActiveCfg = Release|x64
		{5347D0D2-AB7B-45C8-8588-B0D36EE0ABE3}.Release|Any CPU.Build.0 = Release|x64
		{5347D0D2-AB7B-45C8-8588-B0D36EE0ABE3}.Release|x64.ActiveCfg = Release|x64
		{5347D0D2-AB7B-45C8-8588-B0D36EE0ABE3}.Release|x64.Build.0 = Release|x64
		{5347D0D2-AB7B-45C8-8588-B0D36EE0ABE3}.Release|x86.ActiveCfg = Release|Win32
		{5347D0D2-AB7B-45C8-8588-B0D36EE0ABE3}.Release|x86.Build.0 = Release|Win32
		{F2031657-B32A-4691-B8E0-0F0080BD3442}.ASan|Any CPU.ActiveCfg = ASan|x64
		{F2031657-B32A-4691-B8E0-0F0080BD3442}.ASan|Any CPU.Build.0 = ASan|x64
		{F2031657-B32A-4691-B8E0-0F0080BD3442}.ASan|x64.ActiveCfg = ASan|x64
		{F2031657-B32A-4691-B8E0-0F0080BD3442}.ASan|x64.Build.0 = ASan|x64
		{F2031657-B32A-4691-B8E0-0F0080BD3442}.ASan|x86.ActiveCfg = ASan|Win32
		{F2031657-B32A-4691-B8E0-0F0080BD3442}.ASan|x86.Build.0 = ASan|Win32
		{F2031657-B32A-4691-B8E0-0F0080BD3442}.Debug|Any CPU.ActiveCfg = Debug|x64
		{F2031657-B32A-4691-B8E0-0F0080BD3442}.Debug|Any CPU.Build.0 = Debug|x64
		{F2031657-B32A-4691-B8E0-0F0080BD3442}.Debug|x64.ActiveCfg = Debug|x64
		{F2031657-B32A-4691-B8E0-0F0080BD3442}.Debug|x64.Build.0 = Debug|x64
		{F2031657-B32A-4691-B8E0-0F0080BD3442}.Debug|x86.ActiveCfg = Debug|Win32
		{F2031657-B32A-4691-B8E0-0F0080BD3442}.Debug|x86.Build.0 = Debug|Win32
		{F2031657-B32A-4691-B8E0-0F0080BD3442}.PatchableRelease|Any CPU.ActiveCfg = PatchableRelease|x64
		{F2031657-B32A-4691-B8E0-0F0080BD3442}.PatchableRelease|Any CPU.Build.0 = PatchableRelease|x64
		{F2031657-B32A-4691-B8E0-0F0080BD3442}.PatchableRelease|x64.ActiveCfg = PatchableRelease|x64
		{F2031657-B32A-4691-B8E0-0F0080BD3442}.PatchableRelease|x64.Build.0 = PatchableRelease|x64
		{F2031657-B32A-4691-B8E0-0F0080BD3442}.PatchableRelease|x86.ActiveCfg = PatchableRelease|Win32
		{F2031657-B32A-4691-B8E0-0F0080BD3442}.PatchableRelease|x86.Build.0 = PatchableRelease|Win32
		{F2031657-B32A-4691-B8E0-0F0080BD3442}.Release|Any CPU.ActiveCfg = Release|x64
		{F2031657-B32A-4691-B8E0-0F0080BD3442}.Release|Any CPU.Build.0 = Release|x64
		{F2031657-B32A-4691-B8E0-0F0080BD3442}.Release|x64.ActiveCfg = Release|x64
		{F2031657-B32A-4691-B8E0-0F0080BD3442}.Release|x64.Build.0 = Release|x64
		{F2031657-B32A-4691-B8E0-0F0080BD3442}.Release|x86.ActiveCfg = Release|Win32
		{F2031657-B32A-4691-B8E0-0F0080BD3442}.Release|x86.Build.0 = Release|Win32
		{2B03E175-657C-4FEF-84DA-34081C9BCCDA}.ASan|Any CPU.ActiveCfg = Debug|x64
		{2B03E175-657C-4FEF-84DA-34081C9BCCDA}.ASan|Any CPU.Build.0 = Debug|x64
		{2B03E175-657C-4FEF-84DA-34081C9BCCDA}.ASan|x64.ActiveCfg = Debug|x64
		{2B03E175-657C-4FEF-84DA-34081C9BCCDA}.ASan|x64.Build.0 = Debug|x64
		{2B03E175-657C-4FEF-84DA-34081C9BCCDA}.ASan|x86.ActiveCfg = Debug|Win32
		{2B03E175-657C-4FEF-84DA-34081C9BCCDA}.ASan|x86.Build.0 = Debug|Win32
		{2B03E175-657C-4FEF-84DA-34081C9BCCDA}.Debug|Any CPU.ActiveCfg = Debug|x64
		{2B03E175-657C-4FEF-84DA-34081C9BCCDA}.Debug|Any CPU.Build.0 = Debug|x64
		{2B03E175-657C-4FEF-84DA-34081C9BCCDA}.Debug|x64.ActiveCfg = Debug|x64
		{2B03E175-657C-4FEF-84DA-34081C9BCCDA}.Debug|x64.Build.0 = Debug|x64
		{2B03E175-657C-4FEF-84DA-34081C9BCCDA}.Debug|x86.ActiveCfg = Debug|Win32
		{2B03E175-657C-4FEF-84DA-34081C9BCCDA}.Debug|x86.Build.0 = Debug|Win32
		{2B03E175-657C-4FEF-84DA-34081C9BCCDA}.PatchableRelease|Any CPU.ActiveCfg = Release|x64
		{2B03E175-657C-4FEF-84DA-34081C9BCCDA}.PatchableRelease|Any CPU.Build.0 = Release|x64
		{2B03E175-657C-4FEF-84DA-34081C9BCCDA}.PatchableRelease|x64.ActiveCfg = Release|x64
		{2B03E175-657C-4FEF-84DA-34081C9BCCDA}.PatchableRelease|x64.Build.0 = Release|x64
		{2B03E175-657C-4FEF-84DA-34081C9BCCDA}.PatchableRelease|x86.ActiveCfg = Release|Win32
		{2B03E175-657C-4FEF-84DA-34081C9BCCDA}.PatchableRelease|x86.Build.0 = Release|Win32
		{2B03E175-657C-4FEF-84DA-34081C9BCCDA}.Release|Any CPU.ActiveCfg = Release|x64
		{2B03E175-657C-4FEF-84DA-34081C9BCCDA}.Release|Any CPU.Build.0 = Release|x64
		{2B03E175-657C-4FEF-84DA-34081C9BCCDA}.Release|x64.ActiveCfg = Release|x64
		{2B03E175-657C-4FEF-84DA-34081C9BCCDA}.Release|x64.Build.0 = Release|x64
		{2B03E175-657C-4FEF-84DA-34081C9BCCDA}.Release|x86.ActiveCfg = Release|Win32
		{2B03E175-657C-4FEF-84DA-34081C9BCCDA}.Release|x86.Build.0 = Release|Win32
		{616FA698-C985-4011-ABDB-31BF673499AD}.ASan|Any CPU.ActiveCfg = Debug|x64
		{616FA698-C985-4011-ABDB-31BF673499AD}.ASan|Any CPU.Build.0 = Debug|x64
		{616FA698-C985-4011-ABDB-31BF673499AD}.ASan|x64.ActiveCfg = Debug|x64
		{616FA698-C985-4011-ABDB-31BF673499AD}.ASan|x64.Build.0 = Debug|x64
		{616FA698-C985-4011-ABDB-31BF673499AD}.ASan|x86.ActiveCfg = Debug|Win32
		{616FA698-C985-4011-ABDB-31BF673499AD}.ASan|x86.Build.0 = Debug|Win32
		{616FA698-C985-4011-ABDB-31BF673499AD}.Debug|Any CPU.ActiveCfg = Debug|x64
		{616FA698-C985-4011-ABDB-31BF673499AD}.Debug|Any CPU.Build.0 = Debug|x64
		{616FA698-C985-4011-ABDB-31BF673499AD}.Debug|x64.ActiveCfg = Debug|x64
		{616FA698-C985-4011-ABDB-31BF673499AD}.Debug|x64.Build.0 = Debug|x64
		{616FA698-C985-4011-ABDB-31BF673499AD}.Debug|x86.ActiveCfg = Debug|Win32
		{616FA698-C985-4011-ABDB-31BF673499AD}.Debug|x86.Build.0 = Debug|Win32
		{616FA698-C985-4011-ABDB-31BF673499AD}.PatchableRelease|Any CPU.ActiveCfg = Release|x64
		{616FA698-C985-4011-ABDB-31BF673499AD}.PatchableRelease|Any CPU.Build.0 = Release|x64
		{616FA698-C985-4011-ABDB-31BF673499AD}.PatchableRelease|x64.ActiveCfg = PatchableRelease|x64
		{616FA698-C985-4011-ABDB-31BF673499AD}.PatchableRelease|x64.Build.0 = PatchableRelease|x64
		{616FA698-C985-4011-ABDB-31BF673499AD}.PatchableRelease|x86.ActiveCfg = Release|Win32
		{616FA698-C985-4011-ABDB-31BF673499AD}.PatchableRelease|x86.Build.0 = Release|Win32
		{616FA698-C985-4011-ABDB-31BF673499AD}.Release|Any CPU.ActiveCfg = Release|x64
		{616FA698-C985-4011-ABDB-31BF673499AD}.Release|Any CPU.Build.0 = Release|x64
		{616FA698-C985-4011-ABDB-31BF673499AD}.Release|x64.ActiveCfg = Release|x64
		{616FA698-C985-4011-ABDB-31BF673499AD}.Release|x64.Build.0 = Release|x64
		{616FA698-C985-4011-ABDB-31BF673499AD}.Release|x86.ActiveCfg = Release|Win32
		{616FA698-C985-4011-ABDB-31BF673499AD}.Release|x86.Build.0 = Release|Win32
		{0AAFB6C0-D204-4298-A762-1088A2BC5F45}.ASan|Any CPU.ActiveCfg = Debug|x64
		{0AAFB6C0-D204-4298-A762-1088A2BC5F45}.ASan|Any CPU.Build.0 = Debug|x64
		{0AAFB6C0-D204-4298-A762-1088A2BC5F45}.ASan|x64.ActiveCfg = Debug|x64
		{0AAFB6C0-D204-4298-A762-1088A2BC5F45}.ASan|x64.Build.0 = Debug|x64
		{0AAFB6C0-D204-4298-A762-1088A2BC5F45}.ASan|x86.ActiveCfg = Debug|Win32
		{0AAFB6C0-D204-4298-A762-1088A2BC5F45}.ASan|x86.Build.0 = Debug|Win32
		{0AAFB6C0-D204-4298-A762-1088A2BC5F45}.Debug|Any CPU.ActiveCfg = Debug|x64
		{0AAFB6C0-D204-4298-A762-1088A2BC5F45}.Debug|Any CPU.Build.0 = Debug|x64
		{0AAFB6C0-D204-4298-A762-1088A2BC5F45}.Debug|x64.ActiveCfg = Debug|x64
		{0AAFB6C0-D204-4298-A762-1088A2BC5F45}.Debug|x64.Build.0 = Debug|x64
		{0AAFB6C0-D204-4298-A762-1088A2BC5F45}.Debug|x86.ActiveCfg = Debug|Win32
		{0AAFB6C0-D204-4298-A762-1088A2BC5F45}.Debug|x86.Build.0 = Debug|Win32
		{0AAFB6C0-D204-4298-A762-1088A2BC5F45}.PatchableRelease|Any CPU.ActiveCfg = PatchableRelease|x64
		{0AAFB6C0-D204-4298-A762-1088A2BC5F45}.PatchableRelease|Any CPU.Build.0 = PatchableRelease|x64
		{0AAFB6C0-D204-4298-A762-1088A2BC5F45}.PatchableRelease|x64.ActiveCfg = PatchableRelease|x64
		{0AAFB6C0-D204-4298-A762-1088A2BC5F45}.PatchableRelease|x64.Build.0 = PatchableRelease|x64
		{0AAFB6C0-D204-4298-A762-1088A2BC5F45}.PatchableRelease|x86.ActiveCfg = PatchableRelease|Win32
		{0AAFB6C0-D204-4298-A762-1088A2BC5F45}.PatchableRelease|x86.Build.0 = PatchableRelease|Win32
		{0AAFB6C0-D204-4298-A762-1088A2BC5F45}.Release|Any CPU.ActiveCfg = Release|x64
		{0AAFB6C0-D204-4298-A762-1088A2BC5F45}.Release|Any CPU.Build.0 = Release|x64
		{0AAFB6C0-D204-4298-A762-1088A2BC5F45}.Release|x64.ActiveCfg = Release|x64
		{0AAFB6C0-D204-4298-A762-1088A2BC5F45}.Release|x64.Build.0 = Release|x64
		{0AAFB6C0-D204-4298-A762-1088A2BC5F45}.Release|x86.ActiveCfg = Release|Win32
		{0AAFB6C0-D204-4298-A762-1088A2BC5F45}.Release|x86.Build.0 = Release|Win32
		{616FA698-C985-4011-ABDB-31BF603499AD}.ASan|Any CPU.ActiveCfg = Debug|x64
		{616FA698-C985-4011-ABDB-31BF603499AD}.ASan|Any CPU.Build.0 = Debug|x64
		{616FA698-C985-4011-ABDB-31BF603499AD}.ASan|x64.ActiveCfg = Debug|x64
		{616FA698-C985-4011-ABDB-31BF603499AD}.ASan|x64.Build.0 = Debug|x64
		{616FA698-C985-4011-ABDB-31BF603499AD}.ASan|x86.ActiveCfg = Debug|Win32
		{616FA698-C985-4011-ABDB-31BF603499AD}.ASan|x86.Build.0 = Debug|Win32
		{616FA698-C985-4011-ABDB-31BF603499AD}.Debug|Any CPU.ActiveCfg = Debug|x64
		{616FA698-C985-4011-ABDB-31BF603499AD}.Debug|Any CPU.Build.0 = Debug|x64
		{616FA698-C985-4011-ABDB-31BF603499AD}.Debug|x64.ActiveCfg = Debug|x64
		{616FA698-C985-4011-ABDB-31BF603499AD}.Debug|x64.Build.0 = Debug|x64
		{616FA698-C985-4011-ABDB-31BF603499AD}.Debug|x86.ActiveCfg = Debug|Win32
		{616FA698-C985-4011-ABDB-31BF603499AD}.Debug|x86.Build.0 = Debug|Win32
		{616FA698-C985-4011-ABDB-31BF603499AD}.PatchableRelease|Any CPU.ActiveCfg = PatchableRelease|x64
		{616FA698-C985-4011-ABDB-31BF603499AD}.PatchableRelease|Any CPU.Build.0 = PatchableRelease|x64
		{616FA698-C985-4011-ABDB-31BF603499AD}.PatchableRelease|x64.ActiveCfg = PatchableRelease|x64
		{616FA698-C985-4011-ABDB-31BF603499AD}.PatchableRelease|x64.Build.0 = PatchableRelease|x64
		{616FA698-C985-4011-ABDB-31BF603499AD}.PatchableRelease|x86.ActiveCfg = PatchableRelease|Win32
		{616FA698-C985-4011-ABDB-31BF603499AD}.PatchableRelease|x86.Build.0 = PatchableRelease|Win32
		{616FA698-C985-4011-ABDB-31BF603499AD}.Release|Any CPU.ActiveCfg = Release|x64
		{616FA698-C985-4011-ABDB-31BF603499AD}.Release|Any CPU.Build.0 = Release|x64
		{616FA698-C985-4011-ABDB-31BF603499AD}.Release|x64.ActiveCfg = Release|x64
		{616FA698-C985-4011-ABDB-31BF603499AD}.Release|x64.Build.0 = Release|x64
		{616FA698-C985-4011-ABDB-31BF603499AD}.Release|x86.ActiveCfg = Release|Win32
		{616FA698-C985-4011-ABDB-31BF603499AD}.Release|x86.Build.0 = Release|Win32
		{11111111-C985-4011-ABDB-31BF673499AD}.ASan|Any CPU.ActiveCfg = Debug|x64
		{11111111-C985-4011-ABDB-31BF673499AD}.ASan|Any CPU.Build.0 = Debug|x64
		{11111111-C985-4011-ABDB-31BF673499AD}.ASan|x64.ActiveCfg = Debug|x64
		{11111111-C985-4011-ABDB-31BF673499AD}.ASan|x64.Build.0 = Debug|x64
		{11111111-C985-4011-ABDB-31BF673499AD}.ASan|x86.ActiveCfg = Debug|Win32
		{11111111-C985-4011-ABDB-31BF673499AD}.ASan|x86.Build.0 = Debug|Win32
		{11111111-C985-4011-ABDB-31BF673499AD}.Debug|Any CPU.ActiveCfg = Debug|x64
		{11111111-C985-4011-ABDB-31BF673499AD}.Debug|Any CPU.Build.0 = Debug|x64
		{11111111-C985-4011-ABDB-31BF673499AD}.Debug|x64.ActiveCfg = Debug|x64
		{11111111-C985-4011-ABDB-31BF673499AD}.Debug|x64.Build.0 = Debug|x64
		{11111111-C985-4011-ABDB-31BF673499AD}.Debug|x86.ActiveCfg = Debug|Win32
		{11111111-C985-4011-ABDB-31BF673499AD}.Debug|x86.Build.0 = Debug|Win32
		{11111111-C985-4011-ABDB-31BF673499AD}.PatchableRelease|Any CPU.ActiveCfg = PatchableRelease|x64
		{11111111-C985-4011-ABDB-31BF673499AD}.PatchableRelease|Any CPU.Build.0 = PatchableRelease|x64
		{11111111-C985-4011-ABDB-31BF673499AD}.PatchableRelease|x64.ActiveCfg = PatchableRelease|x64
		{11111111-C985-4011-ABDB-31BF673499AD}.PatchableRelease|x64.Build.0 = PatchableRelease|x64
		{11111111-C985-4011-ABDB-31BF673499AD}.PatchableRelease|x86.ActiveCfg = PatchableRelease|Win32
		{11111111-C985-4011-ABDB-31BF673499AD}.PatchableRelease|x86.Build.0 = PatchableRelease|Win32
		{11111111-C985-4011-ABDB-31BF673499AD}.Release|Any CPU.ActiveCfg = Release|x64
		{11111111-C985-4011-ABDB-31BF673499AD}.Release|Any CPU.Build.0 = Release|x64
		{11111111-C985-4011-ABDB-31BF673499AD}.Release|x64.ActiveCfg = Release|x64
		{11111111-C985-4011-ABDB-31BF673499AD}.Release|x64.Build.0 = Release|x64
		{11111111-C985-4011-ABDB-31BF673499AD}.Release|x86.ActiveCfg = Release|Win32
		{11111111-C985-4011-ABDB-31BF673499AD}.Release|x86.Build.0 = Release|Win32
		{5768658D-5753-57BE-9F55-89088097DC31}.ASan|Any CPU.ActiveCfg = Debug|x64
		{5768658D-5753-57BE-9F55-89088097DC31}.ASan|Any CPU.Build.0 = Debug|x64
		{5768658D-5753-57BE-9F55-89088097DC31}.ASan|x64.ActiveCfg = Debug|x64
		{5768658D-5753-57BE-9F55-89088097DC31}.ASan|x64.Build.0 = Debug|x64
		{5768658D-5753-57BE-9F55-89088097DC31}.ASan|x86.ActiveCfg = Debug|Win32
		{5768658D-5753-57BE-9F55-89088097DC31}.ASan|x86.Build.0 = Debug|Win32
		{5768658D-5753-57BE-9F55-89088097DC31}.Debug|Any CPU.ActiveCfg = Debug|x64
		{5768658D-5753-57BE-9F55-89088097DC31}.Debug|Any CPU.Build.0 = Debug|x64
		{5768658D-5753-57BE-9F55-89088097DC31}.Debug|x64.ActiveCfg = Debug|x64
		{5768658D-5753-57BE-9F55-89088097DC31}.Debug|x64.Build.0 = Debug|x64
		{5768658D-5753-57BE-9F55-89088097DC31}.Debug|x86.ActiveCfg = Debug|Win32
		{5768658D-5753-57BE-9F55-89088097DC31}.Debug|x86.Build.0 = Debug|Win32
		{5768658D-5753-57BE-9F55-89088097DC31}.PatchableRelease|Any CPU.ActiveCfg = Release|x64
		{5768658D-5753-57BE-9F55-89088097DC31}.PatchableRelease|Any CPU.Build.0 = Release|x64
		{5768658D-5753-57BE-9F55-89088097DC31}.PatchableRelease|x64.ActiveCfg = Release|x64
		{5768658D-5753-57BE-9F55-89088097DC31}.PatchableRelease|x64.Build.0 = Release|x64
		{5768658D-5753-57BE-9F55-89088097DC31}.PatchableRelease|x86.ActiveCfg = Release|Win32
		{5768658D-5753-57BE-9F55-89088097DC31}.PatchableRelease|x86.Build.0 = Release|Win32
		{5768658D-5753-57BE-9F55-89088097DC31}.Release|Any CPU.ActiveCfg = Release|x64
		{5768658D-5753-57BE-9F55-89088097DC31}.Release|Any CPU.Build.0 = Release|x64
		{5768658D-5753-57BE-9F55-89088097DC31}.Release|x64.ActiveCfg = Release|x64
		{5768658D-5753-57BE-9F55-89088097DC31}.Release|x64.Build.0 = Release|x64
		{5768658D-5753-57BE-9F55-89088097DC31}.Release|x86.ActiveCfg = Release|Win32
		{5768658D-5753-57BE-9F55-89088097DC31}.Release|x86.Build.0 = Release|Win32
	EndGlobalSection
	GlobalSection(SolutionProperties) = preSolution
		HideSolutionNode = FALSE
	EndGlobalSection
	GlobalSection(ExtensibilityGlobals) = postSolution
		SolutionGuid = {27980EE7-A462-4798-B549-B851E1160615}
	EndGlobalSection
EndGlobal
