<?xml version="1.0" encoding="utf-8"?>
<Project ToolsVersion="4.0" xmlns="http://schemas.microsoft.com/developer/msbuild/2003">
  <ItemGroup>
    <ClCompile Include="src\Gui\AddressWindow.cpp" />
    <ClCompile Include="src\casioemu.cpp" />
    <ClCompile Include="src\Chipset\Chipset.cpp" />
    <ClCompile Include="src\Chipset\CPU.cpp" />
    <ClCompile Include="src\Chipset\CPUArithmetic.cpp" />
    <ClCompile Include="src\Chipset\CPUControl.cpp" />
    <ClCompile Include="src\Chipset\CPULoadStore.cpp" />
    <ClCompile Include="src\Chipset\CPUPushPop.cpp" />
    <ClCompile Include="src\Chipset\InterruptSource.cpp" />
    <ClCompile Include="src\Chipset\MMU.cpp" />
    <ClCompile Include="src\Chipset\MMURegion.cpp" />
    <ClCompile Include="src\CrashHandler\CrashHandler.cpp" />
    <ClCompile Include="src\Emulator.cpp" />
    <ClCompile Include="src\Ext\SysDialog.cpp" />
    <ClCompile Include="src\Gui\5800FileSystem.cpp" />
    <ClCompile Include="src\Gui\CallAnalysis.cpp" />
    <ClCompile Include="src\Gui\Editors.cpp" />
    <ClCompile Include="src\Gui\Hooks.cpp" />
    <ClCompile Include="src\Gui\imgui\imgui_demo.cpp" />
    <ClCompile Include="src\Gui\Localization.cpp" />
    <ClCompile Include="src\Gui\Theme.cpp" />
    <ClCompile Include="src\Gui\BitmapViewer.cpp" />
    <ClCompile Include="src\Peripheral\ML620Ports.cpp" />
    <ClCompile Include="src\Peripheral\ROMWindow.cpp" />
    <ClCompile Include="src\Peripheral\Uart.cpp" />
    <ClCompile Include="src\Peripheral\Spi.cpp" />
    <ClCompile Include="src\StartupUi\StartupUi.cpp" />
    <ClCompile Include="src\Gui\CodeViewer.cpp" />
    <ClCompile Include="src\Gui\imgui\imgui.cpp" />
    <ClCompile Include="src\Gui\imgui\imgui_draw.cpp" />
    <ClCompile Include="src\Gui\imgui\imgui_impl_sdl2.cpp" />
    <ClCompile Include="src\Gui\imgui\imgui_impl_sdlrenderer2.cpp" />
    <ClCompile Include="src\Gui\imgui\imgui_tables.cpp" />
    <ClCompile Include="src\Gui\imgui\imgui_widgets.cpp" />
    <ClCompile Include="src\Gui\Injector.cpp" />
    <ClCompile Include="src\Gui\LabelViewer.cpp" />
    <ClCompile Include="src\Gui\MemBreakPoint.cpp" />
    <ClCompile Include="src\Gui\HwController.cpp" />
    <ClCompile Include="src\Gui\Ui.cpp" />
    <ClCompile Include="src\Gui\WatchWindow.cpp" />
    <ClCompile Include="src\Gui\FileDialog.cpp" />
    <ClCompile Include="src\Gui\VariableWindow.cpp" />
    <ClCompile Include="src\Gui\PluginLogWindow.cpp" />
    <ClCompile Include="src\Peripheral\5800Flash.cpp" />
    <ClCompile Include="src\Peripheral\Audio.cpp" />
    <ClCompile Include="src\Peripheral\BatteryBackedRAM.cpp" />
    <ClCompile Include="src\Peripheral\BCDCalc.cpp" />
    <ClCompile Include="src\Peripheral\ExternalInterrupts.cpp" />
    <ClCompile Include="src\Peripheral\Flash.cpp" />
    <ClCompile Include="src\Peripheral\IOPorts.cpp" />
    <ClCompile Include="src\Peripheral\Keyboard.cpp" />
    <ClCompile Include="src\Peripheral\Miscellaneous.cpp" />
    <ClCompile Include="src\Peripheral\PowerSupply.cpp" />
    <ClCompile Include="src\Peripheral\RealTimeClock.cpp" />
    <ClCompile Include="src\Peripheral\Screen.cpp" />
    <ClCompile Include="src\Peripheral\StandbyControl.cpp" />
    <ClCompile Include="src\Peripheral\Timer.cpp" />
    <ClCompile Include="src\Peripheral\TimerBaseCounter.cpp" />
    <ClCompile Include="src\Peripheral\WatchdogTimer.cpp" />
    <ClCompile Include="src\Ext\Romu.cpp" />
    <ClCompile Include="src\Ext\U8Disas.cpp" />
    <ClCompile Include="src\Peripheral\VoltageLevelSupervisor.cpp" />
    <ClCompile Include="src\Ext\vibration.cpp" />
    <ClCompile Include="src\Plugin\PluginMan.cpp" />
    <ClCompile Include="src\Plugin\PluginApi_Impl.cpp" />
    <ClCompile Include="third_party\asmjit\src\**\*.cpp" />
    <ClCompile Include="src\Ext\ConsoleText.cpp" />
    <ClCompile Include="src\Ext\GameBuffer.cpp" />
    <ClCompile Include="src\Chipset\ePSCpu.cpp" />
    <ClCompile Include="src\Ext\ePSDisas.cpp" />
    <ClCompile Include="src\Gui\ThemeManager.cpp" />
    <ClCompile Include="src\Ext\cam\cam.cc" />
    <ClCompile Include="src\Ext\cam\hct.cc" />
    <ClCompile Include="src\Ext\cam\hct_solver.cc" />
    <ClCompile Include="src\Ext\cam\viewing_conditions.cc" />
    <ClCompile Include="src\Ext\cam\utils.cc" />
    <ClCompile Include="src\Ext\cam\tones.cc" />
    <ClCompile Include="src\sdl_win32_extra.cpp" />
    <ClCompile Include="src\Snapshot.cpp" />
    <ClCompile Include="src\Gui\SnapshotWindow.cpp" />
    <ClCompile Include="third_party\miniz\miniz.c" />
    <ClCompile Include="third_party\miniz\miniz_tdef.c" />
    <ClCompile Include="third_party\miniz\miniz_tinfl.c" />
    <ClCompile Include="..\discord-rpc\src\connection_win.cpp" />
    <ClCompile Include="..\discord-rpc\src\discord_register_win.cpp" />
    <ClCompile Include="..\discord-rpc\src\discord_rpc.cpp" />
    <ClCompile Include="..\discord-rpc\src\dllmain.cpp" />
    <ClCompile Include="..\discord-rpc\src\rpc_connection.cpp" />
    <ClCompile Include="..\discord-rpc\src\serialization.cpp" />
    <ClCompile Include="src\Gui\imgui\TextEditor.cpp" />
    <ClCompile Include="src\Rop\Compiler.h" />
    <ClCompile Include="src\Rop\RopCompilerUI.cpp" />
    <ClCompile Include="third_party\asmjit\src\**\*.cpp" />
    <ClCompile Include="src\Gui\TouchMouseTranslator.cpp" />
    <ClCompile Include="src\Ext\DiscordRPC.cpp" />
  </ItemGroup>
  <ItemGroup>
    <ClInclude Include="src\Ext\3rd_licenses.h" />
    <ClInclude Include="src\Gui\AddressWindow.h" />
    <ClInclude Include="src\Binary.h" />
    <ClInclude Include="src\Chipset\Chipset.hpp" />
    <ClInclude Include="src\Chipset\CPU.hpp" />
    <ClInclude Include="src\Chipset\InterruptSource.hpp" />
    <ClInclude Include="src\Chipset\MMU.hpp" />
    <ClInclude Include="src\Chipset\MMURegion.hpp" />
    <ClInclude Include="src\Config.hpp" />
    <ClInclude Include="src\Containers\ConcurrentObject.h" />
    <ClInclude Include="src\Ext\LabelFile.h" />
    <ClInclude Include="src\Ext\RomPackage.h" />
    <ClInclude Include="src\Ext\SysDialog.h" />
    <ClInclude Include="src\Gui\Localization.h" />
    <ClInclude Include="src\Gui\PopUpDisplay.h" />
    <ClInclude Include="src\Gui\Theme.h" />
    <ClInclude Include="src\Gui\BitmapViewer.h" />
    <ClInclude Include="src\Peripheral\SD\FakeSdCard.h" />
    <ClInclude Include="src\Gui\5800FileSystem.h" />
    <ClInclude Include="src\Gui\CallAnalysis.h" />
    <ClInclude Include="src\Gui\CwiiHelp.h" />
    <ClInclude Include="Data\ColourInfo.hpp" />
    <ClInclude Include="Data\EventCode.hpp" />
    <ClInclude Include="Data\HardwareId.hpp" />
    <ClInclude Include="Data\ModelInfo.hpp" />
    <ClInclude Include="Data\SpriteInfo.hpp" />
    <ClInclude Include="src\Emulator.hpp" />
    <ClInclude Include="src\Gui\CodeViewer.hpp" />
    <ClInclude Include="src\Gui\Editors.h" />
    <ClInclude Include="src\Gui\hex.hpp" />
    <ClInclude Include="src\Gui\Hooks.h" />
    <ClInclude Include="src\Gui\imgui\imconfig.h" />
    <ClInclude Include="src\Gui\imgui\imgui.h" />
    <ClInclude Include="src\Gui\imgui\imgui_impl_sdl2.h" />
    <ClInclude Include="src\Gui\imgui\imgui_impl_sdlrenderer2.h" />
    <ClInclude Include="src\Gui\imgui\imgui_internal.h" />
    <ClInclude Include="src\Gui\imgui\imstb_rectpack.h" />
    <ClInclude Include="src\Gui\imgui\imstb_textedit.h" />
    <ClInclude Include="src\Gui\imgui\imstb_truetype.h" />
    <ClInclude Include="src\Gui\Injector.hpp" />
    <ClInclude Include="src\Gui\LabelViewer.h" />
    <ClInclude Include="src\Gui\MemBreakPoint.hpp" />
    <ClInclude Include="src\Gui\HwController.h" />
    <ClInclude Include="src\Gui\FileDialog.h" />
    <ClInclude Include="src\Ext\Memory.h" />
    <ClInclude Include="src\Peripheral\ML620Ports.h" />
    <ClInclude Include="src\Peripheral\Uart.h" />
    <ClInclude Include="src\Plugin\PluginApi.h" />
    <ClInclude Include="resource.h" />
    <ClInclude Include="src\Peripheral\Spi.h" />
    <ClInclude Include="src\stringhelper.h" />
    <ClInclude Include="src\Gui\Ui.hpp" />
    <ClInclude Include="src\Gui\WatchWindow.hpp" />
    <ClInclude Include="src\Ext\Logger.hpp" />
    <ClInclude Include="src\ModelInfo.h" />
    <ClInclude Include="src\Models.h" />
    <ClInclude Include="src\Gui\VariableWindow.h" />
    <ClInclude Include="src\Gui\PluginLogWindow.hpp" />
    <ClInclude Include="src\Peripheral\5800Flash.h" />
    <ClInclude Include="src\Peripheral\Audio.h" />
    <ClInclude Include="src\Peripheral\BatteryBackedRAM.hpp" />
    <ClInclude Include="src\Peripheral\BCDCalc.hpp" />
    <ClInclude Include="src\Peripheral\ExternalInterrupts.hpp" />
    <ClInclude Include="src\Peripheral\Flash.hpp" />
    <ClInclude Include="src\Peripheral\IOPorts.hpp" />
    <ClInclude Include="src\Peripheral\Keyboard.hpp" />
    <ClInclude Include="src\Peripheral\Miscellaneous.hpp" />
    <ClInclude Include="src\Peripheral\Peripheral.hpp" />
    <ClInclude Include="src\Peripheral\PowerSupply.hpp" />
    <ClInclude Include="src\Peripheral\RealTimeClock.hpp" />
    <ClInclude Include="src\Peripheral\ROMWindow.hpp" />
    <ClInclude Include="src\Peripheral\Screen.hpp" />
    <ClInclude Include="src\Peripheral\StandbyControl.hpp" />
    <ClInclude Include="src\Peripheral\Timer.hpp" />
    <ClInclude Include="src\Peripheral\TimerBaseCounter.hpp" />
    <ClInclude Include="src\Peripheral\WatchdogTimer.hpp" />
    <ClInclude Include="src\Ext\Romu.h" />
    <ClInclude Include="src\StartupUi\StartupUi.h" />
    <ClInclude Include="src\Ext\U8Disas.h" />
    <ClInclude Include="src\Peripheral\VoltageLevelSupervisor.h" />
    <ClInclude Include="src\Ext\vibration.h" />
    <ClInclude Include="src\Gui\Gui.h" />
    <ClInclude Include="src\locales\lang.h" />
    <ClInclude Include="src\Plugin\PluginMan.h" />
    <ClInclude Include="src\Settings.h" />
    <ClInclude Include="src\Ext\ConsoleText.h" />
    <ClInclude Include="src\Ext\GameBuffer.h" />
    <ClInclude Include="src\Ext\Unicode.h" />
    <ClInclude Include="src\Gui\FileDialog.hpp" />
    <ClInclude Include="src\Gui\UIScaling.h" />
    <ClInclude Include="src\Chipset\ePSCpu.h" />
    <ClInclude Include="src\Ext\ePSDisas.h" />
    <ClInclude Include="src\Ext\Random.hpp" />
    <ClInclude Include="src\Gui\ThemeManager.h" />
    <ClInclude Include="src\Ext\cam\cam.h" />
    <ClInclude Include="src\Ext\cam\hct.h" />
    <ClInclude Include="src\Ext\cam\hct_solver.h" />
    <ClInclude Include="src\Ext\cam\viewing_conditions.h" />
    <ClInclude Include="src\Ext\cam\utils.h" />
    <ClInclude Include="src\Ext\cam\tones.h" />
    <ClInclude Include="src\sdl_win32_extra.h" />
    <ClInclude Include="src\Gui\RopTool.h" />
    <ClInclude Include="src\Ext\DiscordRPC.h" />
    <ClInclude Include="third_party\miniz\miniz_export.h" />
    <ClInclude Include="src\Snapshot.h" />
    <ClInclude Include="src\Compress.h" />
    <ClInclude Include="third_party\miniz\miniz.h" />
    <ClInclude Include="src\Gui\SnapshotWindow.h" />
    <ClInclude Include="src\Ext\TextEditor.h" />
    <ClInclude Include="src\Gui\imgui\TextEditor.h" />
    <ClInclude Include="src\Rop\RopCompilerUI.h" />
    <ClInclude Include="third_party\asmjit\src\**\*.h" />
    <ClInclude Include="src\Gui\TouchMouseTranslator.h" />
    <ClInclude Include="src\Ext\DiscordRPC.h" />
  </ItemGroup>
  <ItemGroup>
    <ResourceCompile Include="Resource.rc" />
  </ItemGroup>
  <ItemGroup>
    <Image Include="icon.ico" />
  </ItemGroup>
  <ItemGroup>
    <None Include=".clang-format" />
    <None Include="locales\en_US.lc" />
    <None Include="locales\zh_CN.lc" />
    <None Include="locales\vi_VN.lc" />
    <None Include="roms.db" />
    <None Include="packages.config" />
    <None Include="src\Peripheral\SD\HowToCreateASDCard.md" />
    <None Include="locales\de_DE.lc" />
    <None Include="locales\es_ES.lc" />
    <None Include="locales\fr_FR.lc" />
    <None Include="locales\ko_KR.lc" />
    <None Include="locales\ru_RU.lc" />
  </ItemGroup>
  <ItemGroup>
    <Text Include="locales\ja_JP.lc" />
  </ItemGroup>
</Project>