<?xml version="1.0" encoding="utf-8"?>
<Project ToolsVersion="4.0" xmlns="http://schemas.microsoft.com/developer/msbuild/2003">
  <ItemGroup>
    <ClCompile Include="Gui\AddressWindow.cpp" />
    <ClCompile Include="casioemu.cpp" />
    <ClCompile Include="Chipset\Chipset.cpp" />
    <ClCompile Include="Chipset\CPU.cpp" />
    <ClCompile Include="Chipset\CPUArithmetic.cpp" />
    <ClCompile Include="Chipset\CPUControl.cpp" />
    <ClCompile Include="Chipset\CPULoadStore.cpp" />
    <ClCompile Include="Chipset\CPUPushPop.cpp" />
    <ClCompile Include="Chipset\InterruptSource.cpp" />
    <ClCompile Include="Chipset\MMU.cpp" />
    <ClCompile Include="Chipset\MMURegion.cpp" />
    <ClCompile Include="CrashHandler\CrashHandler.cpp" />
    <ClCompile Include="Emulator.cpp" />
    <ClCompile Include="Ext\SysDialog.cpp" />
    <ClCompile Include="Gui\5800FileSystem.cpp" />
    <ClCompile Include="Gui\CallAnalysis.cpp" />
    <ClCompile Include="Gui\Editors.cpp" />
    <ClCompile Include="Gui\Hooks.cpp" />
    <ClCompile Include="Gui\imgui\imgui_demo.cpp" />
    <ClCompile Include="Gui\Localization.cpp" />
    <ClCompile Include="Gui\Theme.cpp" />
    <ClCompile Include="Gui\BitmapViewer.cpp" />
    <ClCompile Include="Peripheral\ML620Ports.cpp" />
    <ClCompile Include="Peripheral\ROMWindow.cpp" />
    <ClCompile Include="Peripheral\Uart.cpp" />
    <ClCompile Include="Peripheral\Spi.cpp" />
    <ClCompile Include="StartupUi\StartupUi.cpp" />
    <ClCompile Include="Gui\CodeViewer.cpp" />
    <ClCompile Include="Gui\imgui\imgui.cpp" />
    <ClCompile Include="Gui\imgui\imgui_draw.cpp" />
    <ClCompile Include="Gui\imgui\imgui_impl_sdl2.cpp" />
    <ClCompile Include="Gui\imgui\imgui_impl_sdlrenderer2.cpp" />
    <ClCompile Include="Gui\imgui\imgui_tables.cpp" />
    <ClCompile Include="Gui\imgui\imgui_widgets.cpp" />
    <ClCompile Include="Gui\Injector.cpp" />
    <ClCompile Include="Gui\LabelViewer.cpp" />
    <ClCompile Include="Gui\MemBreakPoint.cpp" />
    <ClCompile Include="Gui\HwController.cpp" />
    <ClCompile Include="Gui\Ui.cpp" />
    <ClCompile Include="Gui\WatchWindow.cpp" />
    <ClCompile Include="Gui\FileDialog.cpp" />
    <ClCompile Include="Gui\VariableWindow.cpp" />
    <ClCompile Include="Gui\PluginLogWindow.cpp" />
    <ClCompile Include="Peripheral\5800Flash.cpp" />
    <ClCompile Include="Peripheral\Audio.cpp" />
    <ClCompile Include="Peripheral\BatteryBackedRAM.cpp" />
    <ClCompile Include="Peripheral\BCDCalc.cpp" />
    <ClCompile Include="Peripheral\ExternalInterrupts.cpp" />
    <ClCompile Include="Peripheral\Flash.cpp" />
    <ClCompile Include="Peripheral\IOPorts.cpp" />
    <ClCompile Include="Peripheral\Keyboard.cpp" />
    <ClCompile Include="Peripheral\Miscellaneous.cpp" />
    <ClCompile Include="Peripheral\PowerSupply.cpp" />
    <ClCompile Include="Peripheral\RealTimeClock.cpp" />
    <ClCompile Include="Peripheral\Screen.cpp" />
    <ClCompile Include="Peripheral\StandbyControl.cpp" />
    <ClCompile Include="Peripheral\Timer.cpp" />
    <ClCompile Include="Peripheral\TimerBaseCounter.cpp" />
    <ClCompile Include="Peripheral\WatchdogTimer.cpp" />
    <ClCompile Include="Ext\Romu.cpp" />
    <ClCompile Include="Ext\U8Disas.cpp" />
    <ClCompile Include="Peripheral\VoltageLevelSupervisor.cpp" />
    <ClCompile Include="Ext\vibration.cpp" />
    <ClCompile Include="Plugin\PluginMan.cpp" />
    <ClCompile Include="Plugin\PluginApi_Impl.cpp" />
    <ClCompile Include="asmjit\src\**\*.cpp" />
    <ClCompile Include="Ext\ConsoleText.cpp" />
    <ClCompile Include="Ext\GameBuffer.cpp" />
    <ClCompile Include="Chipset\ePSCpu.cpp" />
    <ClCompile Include="Ext\ePSDisas.cpp" />
    <ClCompile Include="Gui\ThemeManager.cpp" />
    <ClCompile Include="Ext\cam\cam.cc" />
    <ClCompile Include="Ext\cam\hct.cc" />
    <ClCompile Include="Ext\cam\hct_solver.cc" />
    <ClCompile Include="Ext\cam\viewing_conditions.cc" />
    <ClCompile Include="Ext\cam\utils.cc" />
    <ClCompile Include="Ext\cam\tones.cc" />
    <ClCompile Include="sdl_win32_extra.cpp" />
    <ClCompile Include="Snapshot.cpp" />
    <ClCompile Include="Gui\SnapshotWindow.cpp" />
    <ClCompile Include="miniz.c" />
    <ClCompile Include="miniz_tdef.c" />
    <ClCompile Include="miniz_tinfl.c" />
    <ClCompile Include="..\discord-rpc\src\connection_win.cpp" />
    <ClCompile Include="..\discord-rpc\src\discord_register_win.cpp" />
    <ClCompile Include="..\discord-rpc\src\discord_rpc.cpp" />
    <ClCompile Include="..\discord-rpc\src\dllmain.cpp" />
    <ClCompile Include="..\discord-rpc\src\rpc_connection.cpp" />
    <ClCompile Include="..\discord-rpc\src\serialization.cpp" />
    <ClCompile Include="Gui\imgui\TextEditor.cpp" />
    <ClCompile Include="Rop\Compiler.h" />
    <ClCompile Include="Rop\RopCompilerUI.cpp" />
    <ClCompile Include="asmjit\src\**\*.cpp" />
    <ClCompile Include="asmjit\src\**\*.cpp" />
    <ClCompile Include="asmjit\src\**\*.cpp" />
    <ClCompile Include="asmjit\src\**\*.cpp" />
    <ClCompile Include="asmjit\src\**\*.cpp" />
    <ClCompile Include="asmjit\src\**\*.cpp" />
    <ClCompile Include="asmjit\src\**\*.cpp" />
    <ClCompile Include="asmjit\src\**\*.cpp" />
    <ClCompile Include="asmjit\src\**\*.cpp" />
    <ClCompile Include="asmjit\src\**\*.cpp" />
    <ClCompile Include="asmjit\src\**\*.cpp" />
    <ClCompile Include="asmjit\src\**\*.cpp" />
    <ClCompile Include="asmjit\src\**\*.cpp" />
    <ClCompile Include="asmjit\src\**\*.cpp" />
    <ClCompile Include="asmjit\src\**\*.cpp" />
    <ClCompile Include="asmjit\src\**\*.cpp" />
    <ClCompile Include="asmjit\src\**\*.cpp" />
    <ClCompile Include="asmjit\src\**\*.cpp" />
    <ClCompile Include="asmjit\src\**\*.cpp" />
    <ClCompile Include="asmjit\src\**\*.cpp" />
    <ClCompile Include="asmjit\src\**\*.cpp" />
    <ClCompile Include="asmjit\src\**\*.cpp" />
    <ClCompile Include="asmjit\src\**\*.cpp" />
    <ClCompile Include="asmjit\src\**\*.cpp" />
    <ClCompile Include="asmjit\src\**\*.cpp" />
    <ClCompile Include="asmjit\src\**\*.cpp" />
    <ClCompile Include="asmjit\src\**\*.cpp" />
    <ClCompile Include="asmjit\src\**\*.cpp" />
    <ClCompile Include="asmjit\src\**\*.cpp" />
    <ClCompile Include="asmjit\src\**\*.cpp" />
    <ClCompile Include="asmjit\src\**\*.cpp" />
    <ClCompile Include="asmjit\src\**\*.cpp" />
    <ClCompile Include="asmjit\src\**\*.cpp" />
    <ClCompile Include="asmjit\src\**\*.cpp" />
    <ClCompile Include="asmjit\src\**\*.cpp" />
    <ClCompile Include="asmjit\src\**\*.cpp" />
    <ClCompile Include="asmjit\src\**\*.cpp" />
    <ClCompile Include="asmjit\src\**\*.cpp" />
    <ClCompile Include="asmjit\src\**\*.cpp" />
    <ClCompile Include="asmjit\src\**\*.cpp" />
    <ClCompile Include="asmjit\src\**\*.cpp" />
    <ClCompile Include="asmjit\src\**\*.cpp" />
    <ClCompile Include="asmjit\src\**\*.cpp" />
    <ClCompile Include="asmjit\src\**\*.cpp" />
    <ClCompile Include="asmjit\src\**\*.cpp" />
    <ClCompile Include="asmjit\src\**\*.cpp" />
    <ClCompile Include="asmjit\src\**\*.cpp" />
    <ClCompile Include="asmjit\src\**\*.cpp" />
    <ClCompile Include="asmjit\src\**\*.cpp" />
    <ClCompile Include="asmjit\src\**\*.cpp" />
    <ClCompile Include="asmjit\src\**\*.cpp" />
    <ClCompile Include="asmjit\src\**\*.cpp" />
    <ClCompile Include="asmjit\src\**\*.cpp" />
    <ClCompile Include="asmjit\src\**\*.cpp" />
    <ClCompile Include="asmjit\src\**\*.cpp" />
    <ClCompile Include="asmjit\src\**\*.cpp" />
    <ClCompile Include="asmjit\src\**\*.cpp" />
    <ClCompile Include="asmjit\src\**\*.cpp" />
    <ClCompile Include="Gui\TouchMouseTranslator.cpp" />
    <ClCompile Include="asmjit\src\**\*.cpp" />
    <ClCompile Include="asmjit\src\**\*.cpp" />
    <ClCompile Include="asmjit\src\**\*.cpp" />
    <ClCompile Include="asmjit\src\**\*.cpp" />
    <ClCompile Include="asmjit\src\**\*.cpp" />
    <ClCompile Include="asmjit\src\**\*.cpp" />
    <ClCompile Include="asmjit\src\**\*.cpp" />
    <ClCompile Include="asmjit\src\**\*.cpp" />
    <ClCompile Include="asmjit\src\**\*.cpp" />
    <ClCompile Include="asmjit\src\**\*.cpp" />
    <ClCompile Include="asmjit\src\**\*.cpp" />
    <ClCompile Include="asmjit\src\**\*.cpp" />
    <ClCompile Include="asmjit\src\**\*.cpp" />
    <ClCompile Include="asmjit\src\**\*.cpp" />
    <ClCompile Include="asmjit\src\**\*.cpp" />
    <ClCompile Include="asmjit\src\**\*.cpp" />
    <ClCompile Include="asmjit\src\**\*.cpp" />
    <ClCompile Include="asmjit\src\**\*.cpp" />
    <ClCompile Include="asmjit\src\**\*.cpp" />
    <ClCompile Include="asmjit\src\**\*.cpp" />
    <ClCompile Include="asmjit\src\**\*.cpp" />
    <ClCompile Include="asmjit\src\**\*.cpp" />
    <ClCompile Include="asmjit\src\**\*.cpp" />
    <ClCompile Include="asmjit\src\**\*.cpp" />
    <ClCompile Include="asmjit\src\**\*.cpp" />
    <ClCompile Include="asmjit\src\**\*.cpp" />
    <ClCompile Include="asmjit\src\**\*.cpp" />
    <ClCompile Include="asmjit\src\**\*.cpp" />
    <ClCompile Include="asmjit\src\**\*.cpp" />
    <ClCompile Include="asmjit\src\**\*.cpp" />
    <ClCompile Include="asmjit\src\**\*.cpp" />
    <ClCompile Include="asmjit\src\**\*.cpp" />
    <ClCompile Include="asmjit\src\**\*.cpp" />
    <ClCompile Include="asmjit\src\**\*.cpp" />
    <ClCompile Include="asmjit\src\**\*.cpp" />
    <ClCompile Include="asmjit\src\**\*.cpp" />
    <ClCompile Include="asmjit\src\**\*.cpp" />
    <ClCompile Include="asmjit\src\**\*.cpp" />
    <ClCompile Include="asmjit\src\**\*.cpp" />
    <ClCompile Include="asmjit\src\**\*.cpp" />
    <ClCompile Include="asmjit\src\**\*.cpp" />
    <ClCompile Include="asmjit\src\**\*.cpp" />
    <ClCompile Include="asmjit\src\**\*.cpp" />
    <ClCompile Include="asmjit\src\**\*.cpp" />
    <ClCompile Include="asmjit\src\**\*.cpp" />
    <ClCompile Include="asmjit\src\**\*.cpp" />
    <ClCompile Include="asmjit\src\**\*.cpp" />
    <ClCompile Include="asmjit\src\**\*.cpp" />
    <ClCompile Include="asmjit\src\**\*.cpp" />
    <ClCompile Include="asmjit\src\**\*.cpp" />
    <ClCompile Include="asmjit\src\**\*.cpp" />
    <ClCompile Include="asmjit\src\**\*.cpp" />
    <ClCompile Include="asmjit\src\**\*.cpp" />
    <ClCompile Include="asmjit\src\**\*.cpp" />
    <ClCompile Include="asmjit\src\**\*.cpp" />
    <ClCompile Include="asmjit\src\**\*.cpp" />
    <ClCompile Include="asmjit\src\**\*.cpp" />
    <ClCompile Include="asmjit\src\**\*.cpp" />
  </ItemGroup>
  <ItemGroup>
    <ClInclude Include="Ext\3rd_licenses.h" />
    <ClInclude Include="Gui\AddressWindow.h" />
    <ClInclude Include="Binary.h" />
    <ClInclude Include="Chipset\Chipset.hpp" />
    <ClInclude Include="Chipset\CPU.hpp" />
    <ClInclude Include="Chipset\InterruptSource.hpp" />
    <ClInclude Include="Chipset\MMU.hpp" />
    <ClInclude Include="Chipset\MMURegion.hpp" />
    <ClInclude Include="Config.hpp" />
    <ClInclude Include="Containers\ConcurrentObject.h" />
    <ClInclude Include="Ext\LabelFile.h" />
    <ClInclude Include="Ext\RomPackage.h" />
    <ClInclude Include="Ext\SysDialog.h" />
    <ClInclude Include="Gui\Localization.h" />
    <ClInclude Include="Gui\PopUpDisplay.h" />
    <ClInclude Include="Gui\Theme.h" />
    <ClInclude Include="Gui\BitmapViewer.h" />
    <ClInclude Include="Peripheral\SD\FakeSdCard.h" />
    <ClInclude Include="Gui\5800FileSystem.h" />
    <ClInclude Include="Gui\CallAnalysis.h" />
    <ClInclude Include="Gui\CwiiHelp.h" />
    <ClInclude Include="Data\ColourInfo.hpp" />
    <ClInclude Include="Data\EventCode.hpp" />
    <ClInclude Include="Data\HardwareId.hpp" />
    <ClInclude Include="Data\ModelInfo.hpp" />
    <ClInclude Include="Data\SpriteInfo.hpp" />
    <ClInclude Include="Emulator.hpp" />
    <ClInclude Include="Gui\CodeViewer.hpp" />
    <ClInclude Include="Gui\Editors.h" />
    <ClInclude Include="Gui\hex.hpp" />
    <ClInclude Include="Gui\Hooks.h" />
    <ClInclude Include="Gui\imgui\imconfig.h" />
    <ClInclude Include="Gui\imgui\imgui.h" />
    <ClInclude Include="Gui\imgui\imgui_impl_sdl2.h" />
    <ClInclude Include="Gui\imgui\imgui_impl_sdlrenderer2.h" />
    <ClInclude Include="Gui\imgui\imgui_internal.h" />
    <ClInclude Include="Gui\imgui\imstb_rectpack.h" />
    <ClInclude Include="Gui\imgui\imstb_textedit.h" />
    <ClInclude Include="Gui\imgui\imstb_truetype.h" />
    <ClInclude Include="Gui\Injector.hpp" />
    <ClInclude Include="Gui\LabelViewer.h" />
    <ClInclude Include="Gui\MemBreakPoint.hpp" />
    <ClInclude Include="Gui\HwController.h" />
    <ClInclude Include="Gui\FileDialog.h" />
    <ClInclude Include="Ext\Memory.h" />
    <ClInclude Include="Peripheral\ML620Ports.h" />
    <ClInclude Include="Peripheral\Uart.h" />
    <ClInclude Include="Plugin\PluginApi.h" />
    <ClInclude Include="resource.h" />
    <ClInclude Include="Peripheral\Spi.h" />
    <ClInclude Include="stringhelper.h" />
    <ClInclude Include="Gui\Ui.hpp" />
    <ClInclude Include="Gui\WatchWindow.hpp" />
    <ClInclude Include="Ext\Logger.hpp" />
    <ClInclude Include="ModelInfo.h" />
    <ClInclude Include="Models.h" />
    <ClInclude Include="Gui\VariableWindow.h" />
    <ClInclude Include="Gui\PluginLogWindow.hpp" />
    <ClInclude Include="Peripheral\5800Flash.h" />
    <ClInclude Include="Peripheral\Audio.h" />
    <ClInclude Include="Peripheral\BatteryBackedRAM.hpp" />
    <ClInclude Include="Peripheral\BCDCalc.hpp" />
    <ClInclude Include="Peripheral\ExternalInterrupts.hpp" />
    <ClInclude Include="Peripheral\Flash.hpp" />
    <ClInclude Include="Peripheral\IOPorts.hpp" />
    <ClInclude Include="Peripheral\Keyboard.hpp" />
    <ClInclude Include="Peripheral\Miscellaneous.hpp" />
    <ClInclude Include="Peripheral\Peripheral.hpp" />
    <ClInclude Include="Peripheral\PowerSupply.hpp" />
    <ClInclude Include="Peripheral\RealTimeClock.hpp" />
    <ClInclude Include="Peripheral\ROMWindow.hpp" />
    <ClInclude Include="Peripheral\Screen.hpp" />
    <ClInclude Include="Peripheral\StandbyControl.hpp" />
    <ClInclude Include="Peripheral\Timer.hpp" />
    <ClInclude Include="Peripheral\TimerBaseCounter.hpp" />
    <ClInclude Include="Peripheral\WatchdogTimer.hpp" />
    <ClInclude Include="Ext\Romu.h" />
    <ClInclude Include="StartupUi\StartupUi.h" />
    <ClInclude Include="Ext\U8Disas.h" />
    <ClInclude Include="Peripheral\VoltageLevelSupervisor.h" />
    <ClInclude Include="Ext\vibration.h" />
    <ClInclude Include="Gui\Gui.h" />
    <ClInclude Include="locales\lang.h" />
    <ClInclude Include="Plugin\PluginMan.h" />
    <ClInclude Include="Settings.h" />
    <ClInclude Include="Ext\ConsoleText.h" />
    <ClInclude Include="Ext\GameBuffer.h" />
    <ClInclude Include="Ext\Unicode.h" />
    <ClInclude Include="Gui\FileDialog.hpp" />
    <ClInclude Include="Gui\UIScaling.h" />
    <ClInclude Include="Chipset\ePSCpu.h" />
    <ClInclude Include="Ext\ePSDisas.h" />
    <ClInclude Include="Ext\Random.hpp" />
    <ClInclude Include="Gui\ThemeManager.h" />
    <ClInclude Include="Ext\cam\cam.h" />
    <ClInclude Include="Ext\cam\hct.h" />
    <ClInclude Include="Ext\cam\hct_solver.h" />
    <ClInclude Include="Ext\cam\viewing_conditions.h" />
    <ClInclude Include="Ext\cam\utils.h" />
    <ClInclude Include="Ext\cam\tones.h" />
    <ClInclude Include="sdl_win32_extra.h" />
    <ClInclude Include="Gui\RopTool.h" />
    <ClInclude Include="Ext\DiscordRPC.h" />
    <ClInclude Include="miniz_export.h" />
    <ClInclude Include="Snapshot.h" />
    <ClInclude Include="Compress.h" />
    <ClInclude Include="miniz.h" />
    <ClInclude Include="Gui\SnapshotWindow.h" />
    <ClInclude Include="Ext\TextEditor.h" />
    <ClInclude Include="Gui\imgui\TextEditor.h" />
    <ClInclude Include="Rop\RopCompilerUI.h" />
    <ClInclude Include="asmjit\src\**\*.h" />
    <ClInclude Include="asmjit\src\**\*.h" />
    <ClInclude Include="asmjit\src\**\*.h" />
    <ClInclude Include="asmjit\src\**\*.h" />
    <ClInclude Include="asmjit\src\**\*.h" />
    <ClInclude Include="asmjit\src\**\*.h" />
    <ClInclude Include="asmjit\src\**\*.h" />
    <ClInclude Include="asmjit\src\**\*.h" />
    <ClInclude Include="asmjit\src\**\*.h" />
    <ClInclude Include="asmjit\src\**\*.h" />
    <ClInclude Include="asmjit\src\**\*.h" />
    <ClInclude Include="asmjit\src\**\*.h" />
    <ClInclude Include="asmjit\src\**\*.h" />
    <ClInclude Include="asmjit\src\**\*.h" />
    <ClInclude Include="asmjit\src\**\*.h" />
    <ClInclude Include="asmjit\src\**\*.h" />
    <ClInclude Include="asmjit\src\**\*.h" />
    <ClInclude Include="asmjit\src\**\*.h" />
    <ClInclude Include="asmjit\src\**\*.h" />
    <ClInclude Include="asmjit\src\**\*.h" />
    <ClInclude Include="asmjit\src\**\*.h" />
    <ClInclude Include="asmjit\src\**\*.h" />
    <ClInclude Include="asmjit\src\**\*.h" />
    <ClInclude Include="asmjit\src\**\*.h" />
    <ClInclude Include="asmjit\src\**\*.h" />
    <ClInclude Include="asmjit\src\**\*.h" />
    <ClInclude Include="asmjit\src\**\*.h" />
    <ClInclude Include="asmjit\src\**\*.h" />
    <ClInclude Include="asmjit\src\**\*.h" />
    <ClInclude Include="asmjit\src\**\*.h" />
    <ClInclude Include="asmjit\src\**\*.h" />
    <ClInclude Include="asmjit\src\**\*.h" />
    <ClInclude Include="asmjit\src\**\*.h" />
    <ClInclude Include="asmjit\src\**\*.h" />
    <ClInclude Include="asmjit\src\**\*.h" />
    <ClInclude Include="asmjit\src\**\*.h" />
    <ClInclude Include="asmjit\src\**\*.h" />
    <ClInclude Include="asmjit\src\**\*.h" />
    <ClInclude Include="asmjit\src\**\*.h" />
    <ClInclude Include="asmjit\src\**\*.h" />
    <ClInclude Include="asmjit\src\**\*.h" />
    <ClInclude Include="asmjit\src\**\*.h" />
    <ClInclude Include="asmjit\src\**\*.h" />
    <ClInclude Include="asmjit\src\**\*.h" />
    <ClInclude Include="asmjit\src\**\*.h" />
    <ClInclude Include="asmjit\src\**\*.h" />
    <ClInclude Include="asmjit\src\**\*.h" />
    <ClInclude Include="asmjit\src\**\*.h" />
    <ClInclude Include="asmjit\src\**\*.h" />
    <ClInclude Include="asmjit\src\**\*.h" />
    <ClInclude Include="asmjit\src\**\*.h" />
    <ClInclude Include="asmjit\src\**\*.h" />
    <ClInclude Include="asmjit\src\**\*.h" />
    <ClInclude Include="asmjit\src\**\*.h" />
    <ClInclude Include="asmjit\src\**\*.h" />
    <ClInclude Include="asmjit\src\**\*.h" />
    <ClInclude Include="asmjit\src\**\*.h" />
    <ClInclude Include="asmjit\src\**\*.h" />
    <ClInclude Include="asmjit\src\**\*.h" />
    <ClInclude Include="asmjit\src\**\*.h" />
    <ClInclude Include="asmjit\src\**\*.h" />
    <ClInclude Include="asmjit\src\**\*.h" />
    <ClInclude Include="asmjit\src\**\*.h" />
    <ClInclude Include="asmjit\src\**\*.h" />
    <ClInclude Include="asmjit\src\**\*.h" />
    <ClInclude Include="asmjit\src\**\*.h" />
    <ClInclude Include="asmjit\src\**\*.h" />
    <ClInclude Include="asmjit\src\**\*.h" />
    <ClInclude Include="asmjit\src\**\*.h" />
    <ClInclude Include="asmjit\src\**\*.h" />
    <ClInclude Include="asmjit\src\**\*.h" />
    <ClInclude Include="asmjit\src\**\*.h" />
    <ClInclude Include="asmjit\src\**\*.h" />
    <ClInclude Include="asmjit\src\**\*.h" />
    <ClInclude Include="asmjit\src\**\*.h" />
    <ClInclude Include="asmjit\src\**\*.h" />
    <ClInclude Include="asmjit\src\**\*.h" />
    <ClInclude Include="asmjit\src\**\*.h" />
    <ClInclude Include="asmjit\src\**\*.h" />
    <ClInclude Include="asmjit\src\**\*.h" />
    <ClInclude Include="asmjit\src\**\*.h" />
    <ClInclude Include="asmjit\src\**\*.h" />
    <ClInclude Include="asmjit\src\**\*.h" />
    <ClInclude Include="asmjit\src\**\*.h" />
    <ClInclude Include="asmjit\src\**\*.h" />
    <ClInclude Include="asmjit\src\**\*.h" />
    <ClInclude Include="asmjit\src\**\*.h" />
    <ClInclude Include="asmjit\src\**\*.h" />
    <ClInclude Include="asmjit\src\**\*.h" />
    <ClInclude Include="asmjit\src\**\*.h" />
    <ClInclude Include="asmjit\src\**\*.h" />
    <ClInclude Include="asmjit\src\**\*.h" />
    <ClInclude Include="Gui\TouchMouseTranslator.h" />
    <ClInclude Include="asmjit\src\**\*.h" />
    <ClInclude Include="asmjit\src\**\*.h" />
    <ClInclude Include="asmjit\src\**\*.h" />
    <ClInclude Include="asmjit\src\**\*.h" />
    <ClInclude Include="asmjit\src\**\*.h" />
    <ClInclude Include="asmjit\src\**\*.h" />
    <ClInclude Include="asmjit\src\**\*.h" />
    <ClInclude Include="asmjit\src\**\*.h" />
    <ClInclude Include="asmjit\src\**\*.h" />
    <ClInclude Include="asmjit\src\**\*.h" />
    <ClInclude Include="asmjit\src\**\*.h" />
    <ClInclude Include="asmjit\src\**\*.h" />
    <ClInclude Include="asmjit\src\**\*.h" />
    <ClInclude Include="asmjit\src\**\*.h" />
    <ClInclude Include="asmjit\src\**\*.h" />
    <ClInclude Include="asmjit\src\**\*.h" />
    <ClInclude Include="asmjit\src\**\*.h" />
    <ClInclude Include="asmjit\src\**\*.h" />
    <ClInclude Include="asmjit\src\**\*.h" />
    <ClInclude Include="asmjit\src\**\*.h" />
    <ClInclude Include="asmjit\src\**\*.h" />
    <ClInclude Include="asmjit\src\**\*.h" />
    <ClInclude Include="asmjit\src\**\*.h" />
    <ClInclude Include="asmjit\src\**\*.h" />
    <ClInclude Include="asmjit\src\**\*.h" />
    <ClInclude Include="asmjit\src\**\*.h" />
    <ClInclude Include="asmjit\src\**\*.h" />
    <ClInclude Include="asmjit\src\**\*.h" />
    <ClInclude Include="asmjit\src\**\*.h" />
    <ClInclude Include="asmjit\src\**\*.h" />
    <ClInclude Include="asmjit\src\**\*.h" />
    <ClInclude Include="asmjit\src\**\*.h" />
    <ClInclude Include="asmjit\src\**\*.h" />
    <ClInclude Include="asmjit\src\**\*.h" />
    <ClInclude Include="asmjit\src\**\*.h" />
    <ClInclude Include="asmjit\src\**\*.h" />
    <ClInclude Include="asmjit\src\**\*.h" />
    <ClInclude Include="asmjit\src\**\*.h" />
    <ClInclude Include="asmjit\src\**\*.h" />
    <ClInclude Include="asmjit\src\**\*.h" />
    <ClInclude Include="asmjit\src\**\*.h" />
    <ClInclude Include="asmjit\src\**\*.h" />
    <ClInclude Include="asmjit\src\**\*.h" />
    <ClInclude Include="asmjit\src\**\*.h" />
    <ClInclude Include="asmjit\src\**\*.h" />
    <ClInclude Include="asmjit\src\**\*.h" />
    <ClInclude Include="asmjit\src\**\*.h" />
    <ClInclude Include="asmjit\src\**\*.h" />
    <ClInclude Include="asmjit\src\**\*.h" />
    <ClInclude Include="asmjit\src\**\*.h" />
    <ClInclude Include="asmjit\src\**\*.h" />
    <ClInclude Include="asmjit\src\**\*.h" />
    <ClInclude Include="asmjit\src\**\*.h" />
    <ClInclude Include="asmjit\src\**\*.h" />
    <ClInclude Include="asmjit\src\**\*.h" />
    <ClInclude Include="asmjit\src\**\*.h" />
    <ClInclude Include="asmjit\src\**\*.h" />
    <ClInclude Include="asmjit\src\**\*.h" />
    <ClInclude Include="asmjit\src\**\*.h" />
    <ClInclude Include="asmjit\src\**\*.h" />
    <ClInclude Include="asmjit\src\**\*.h" />
    <ClInclude Include="asmjit\src\**\*.h" />
    <ClInclude Include="asmjit\src\**\*.h" />
    <ClInclude Include="asmjit\src\**\*.h" />
    <ClInclude Include="asmjit\src\**\*.h" />
    <ClInclude Include="asmjit\src\**\*.h" />
    <ClInclude Include="asmjit\src\**\*.h" />
    <ClInclude Include="asmjit\src\**\*.h" />
    <ClInclude Include="asmjit\src\**\*.h" />
    <ClInclude Include="asmjit\src\**\*.h" />
    <ClInclude Include="asmjit\src\**\*.h" />
    <ClInclude Include="asmjit\src\**\*.h" />
    <ClInclude Include="asmjit\src\**\*.h" />
    <ClInclude Include="asmjit\src\**\*.h" />
    <ClInclude Include="asmjit\src\**\*.h" />
    <ClInclude Include="asmjit\src\**\*.h" />
    <ClInclude Include="asmjit\src\**\*.h" />
    <ClInclude Include="asmjit\src\**\*.h" />
    <ClInclude Include="asmjit\src\**\*.h" />
    <ClInclude Include="asmjit\src\**\*.h" />
    <ClInclude Include="asmjit\src\**\*.h" />
    <ClInclude Include="asmjit\src\**\*.h" />
    <ClInclude Include="asmjit\src\**\*.h" />
    <ClInclude Include="asmjit\src\**\*.h" />
    <ClInclude Include="asmjit\src\**\*.h" />
    <ClInclude Include="asmjit\src\**\*.h" />
    <ClInclude Include="asmjit\src\**\*.h" />
    <ClInclude Include="asmjit\src\**\*.h" />
    <ClInclude Include="asmjit\src\**\*.h" />
    <ClInclude Include="asmjit\src\**\*.h" />
    <ClInclude Include="asmjit\src\**\*.h" />
  </ItemGroup>
  <ItemGroup>
    <ResourceCompile Include="Resource.rc" />
  </ItemGroup>
  <ItemGroup>
    <Image Include="icon.ico" />
  </ItemGroup>
  <ItemGroup>
    <None Include=".clang-format" />
    <None Include="locales\en_US.lc" />
    <None Include="locales\zh_CN.lc" />
    <None Include="locales\vi_VN.lc" />
    <None Include="roms.db" />
    <None Include="packages.config" />
    <None Include="Peripheral\SD\HowToCreateASDCard.md" />
    <None Include="locales\de_DE.lc" />
    <None Include="locales\es_ES.lc" />
    <None Include="locales\fr_FR.lc" />
    <None Include="locales\ko_KR.lc" />
    <None Include="locales\ru_RU.lc" />
  </ItemGroup>
  <ItemGroup>
    <Text Include="locales\ja_JP.lc" />
  </ItemGroup>
</Project>